github.com/andybalholm/brotli v1.0.5 h1:0w9YpSAn2ZorOxC9HAsO3KThY2S09LshvtbA9v6W9ks=
github.com/andybalholm/brotli v1.0.5/go.mod h1:fO7DcZfiGt9yLYMGw9RAqf8V6V3Y8b6bXmC0FvD67X4=
github.com/gofiber/fiber/v2 v2.52.0 h1:8jZ4gDEnzSsmSInwsh8wX4I1M9Y5mAnG9DPh6XWwI3w=
github.com/gofiber/fiber/v2 v2.52.0/go.mod h1:IitMIs33R+mO6k7Dsh7bT6+9qZ9gS0r+BAnby0q9XG4=
github.com/google/uuid v1.5.0 h1:1p67kYAsCHYqE7it3bI07aOunAtX70Z9ZIsAnW48L/U=
github.com/google/uuid v1.5.0/go.mod h1:TI1Cj437g5HxgT4fV99MvE2ZfT0nREuorn8KIdA6eE4=
github.com/klauspost/compress v1.17.0 h1:RftgXGRIpIZwOmsG6L5v8Ff0yH0I6scC/Pq2Iby67E0=
github.com/klauspost/compress v1.17.0/go.mod h1:ntbace41zK2gYfG6f92pZ/tKmsZf04wB09z8UoIsB4Y=
github.com/mattn/go-colorable v0.1.13 h1:fFA4uWZ5kvljAn7JNIVZse689F0gfr95lbS0A893A60=
github.com/mattn/go-colorable v0.1.13/go.mod h1:7S9/ev0sE19MXKpQx7bCYnVvECj8fSI8vUvYTOlkclY=
github.com/mattn/go-isatty v0.0.20 h1:xf7eW97N4way9IpwuaLIHiyYf8SMAkIofWwTzo9S6B8=
github.com/mattn/go-isatty v0.0.20/go.mod h1:WZs71Yh0Rjkp09Ann03XCenp5bVpT76GfW9k9Y0m7aM=
github.com/mattn/go-runewidth v0.0.15 h1:UNJu66f6Q80pWCH6pY7w8b+Tka0yK1R+X6O3kUbyB4w=
github.com/mattn/go-runewidth v0.0.15/go.mod h1:Jv+vjURlByas0PrMcl6w/XG78N3Vtf/uMbtzW3g6m8I=
github.com/rivo/uniseg v0.2.0 h1:S1pD9weZBuJdFm74E6FzHsLYYwDiYI/K6vWXO6j9ZYo=
github.com/rivo/uniseg v0.2.0/go.mod h1:FmreZcHURZkdMoJlo3396pcyy1Z9O0fK6T0ykp6zB5I=
github.com/rivo/uniseg v0.4.4 h1:8T3INT9y/qX99d45w5Lg8vR0H03vWpHZdlf8VUXgEG8=
github.com/rivo/uniseg v0.4.4/go.mod h1:FN3SsrM+ObrvO3PjO94600XMBbhO7uQJ65668W5G28Y=
github.com/valyala/bytebufferpool v1.0.0 h1:G2I29Sj67f3B4asKAnh0fEgu8m5Ew8YidE8hT8z6vO4=
github.com/valyala/bytebufferpool v1.0.0/go.mod h1:6b9EkWv3CgTk7EFLCOf9R6L8B8G7/676gdXfsg6Q9bI=
github.com/valyala/fasthttp v1.51.0 h1:wUovC06k6pU68itHQLn+mUunI4FzXwKshO0RmsK2wZ0=
github.com/valyala/fasthttp v1.51.0/go.mod h1:An9Y88mIMV3WbA6Zun9eAnBwUv3w1j6fBfP5qT5n8cM=
github.com/valyala/tcplisten v1.0.0 h1:Gl8qAn6beq/hSIs9V7S2YvvG0ZfFUMD8wG08oatE9eI=
github.com/valyala/tcplisten v1.0.0/go.mod h1:v6I7v9E/IAsFqKBy8B2wEshVubvWj8w8D3UByVw9080=
golang.org/sys v0.14.0 h1:Vz796f7Y6gYt8IbyZMCSeZ25OfZ76TNAMjIByT6UBlU=
golang.org/sys v0.14.0/go.mod h1:oPkhp1MJrh7nUepCBck5+mAzfO9JrbApNNgaTdGDITg=
golang.org/sys v0.15.0 h1:h48gd96Q4465Km+4M57ruwLaMEw5Z1gSodFR7e/VvT0=
golang.org/sys v0.15.0/go.mod h1:oPkhp1MJrh7nUepCBck5+mAzfO9JrbApNNgaTdGDITg=
